
Microsoft Visual Studio Solution File, Format Version 11.00
# Visual C# Express 2010
Project("{FAE04EC0-301F-11D3-BF4B-00C04F79EFBC}") = "Awesome Password Generator", "Awesome Password Generator\Awesome Password Generator.csproj", "{2247C28D-22E9-4ACB-B395-5976A83A8F14}"
EndProject
Project("{FAE04EC0-301F-11D3-BF4B-00C04F79EFBC}") = "apg-cl", "apg-cl\apg-cl.csproj", "{E4AF4096-71A3-4C3F-A7D2-4DB525954670}"
EndProject
Project("{FAE04EC0-301F-11D3-BF4B-00C04F79EFBC}") = "cmdline_test", "cmdline_test\cmdline_test.csproj", "{7D4E3D5F-F10B-4AD9-9A72-FC7A53D679C0}"
EndProject
Global
	GlobalSection(SolutionConfigurationPlatforms) = preSolution
		Debug|x86 = Debug|x86
		Release|x86 = Release|x86
	EndGlobalSection
	GlobalSection(ProjectConfigurationPlatforms) = postSolution
		{2247C28D-22E9-4ACB-B395-5976A83A8F14}.Debug|x86.ActiveCfg = Debug|x86
		{2247C28D-22E9-4ACB-B395-5976A83A8F14}.Debug|x86.Build.0 = Debug|x86
		{2247C28D-22E9-4ACB-B395-5976A83A8F14}.Release|x86.ActiveCfg = Release|x86
		{2247C28D-22E9-4ACB-B395-5976A83A8F14}.Release|x86.Build.0 = Release|x86
		{E4AF4096-71A3-4C3F-A7D2-4DB525954670}.Debug|x86.ActiveCfg = Debug|x86
		{E4AF4096-71A3-4C3F-A7D2-4DB525954670}.Debug|x86.Build.0 = Debug|x86
		{E4AF4096-71A3-4C3F-A7D2-4DB525954670}.Release|x86.ActiveCfg = Release|x86
		{E4AF4096-71A3-4C3F-A7D2-4DB525954670}.Release|x86.Build.0 = Release|x86
		{7D4E3D5F-F10B-4AD9-9A72-FC7A53D679C0}.Debug|x86.ActiveCfg = Debug|x86
		{7D4E3D5F-F10B-4AD9-9A72-FC7A53D679C0}.Debug|x86.Build.0 = Debug|x86
		{7D4E3D5F-F10B-4AD9-9A72-FC7A53D679C0}.Release|x86.ActiveCfg = Release|x86
		{7D4E3D5F-F10B-4AD9-9A72-FC7A53D679C0}.Release|x86.Build.0 = Release|x86
	EndGlobalSection
	GlobalSection(SolutionProperties) = preSolution
		HideSolutionNode = FALSE
	EndGlobalSection
EndGlobal
